# This file was autogenerated by Stack.
# You should not edit this file by hand.
# For more information, please see the documentation at:
#   https://docs.haskellstack.org/en/stable/lock_files

packages:
- completed:
    hackage: little-logger-1.0.1@sha256:3c2bc7a993a74d0ee4afb86ddbe6b246443392384bbd99ee3a7a030cc6d60060,2219
    pantry-tree:
      size: 318
      sha256: 825572cf5c1660f00b2ac1ad35b59534c9d44945d0929dc417c4ee57074db052
  original:
    hackage: little-logger-1.0.1
snapshots:
- completed:
    size: 619161
    url: https://raw.githubusercontent.com/commercialhaskell/stackage-snapshots/master/lts/19/17.yaml
    sha256: 7f47507fd037228a8d23cf830f5844e1f006221acebdd7cb49f2f5fb561e0546
  original: lts-19.17
