# This file was autogenerated by Stack.
# You should not edit this file by hand.
# For more information, please see the documentation at:
#   https://docs.haskellstack.org/en/stable/topics/lock_files

packages:
- completed:
    hackage: little-logger-3.0.1@sha256:2c02988018d823aaedee7f6bcf2cf249c7c43bf2e2f3db38281a7f9866b0347b,2217
    pantry-tree:
      sha256: c0377ec8f705acdb2358a69a82b3cdcc566be3463f61ed60c553fa782be1f673
      size: 272
  original:
    hackage: little-logger-3.0.1
snapshots:
- completed:
    sha256: d141b089a21d9873b5febdf7c53296fb799b7fb602b9d3b003c022a81cc1cc01
    size: 726795
    url: https://raw.githubusercontent.com/commercialhaskell/stackage-snapshots/master/lts/24/30.yaml
  original: lts-24.30
